// !$*UTF8*$!
{
	archiveVersion = 1;
	classes = {
	};
	objectVersion = 50;
	objects = {

/* Begin PBXBuildFile section */
		475AEF99227FF714006D9639 /* AppDelegate.swift in Sources */ = {isa = PBXBuildFile; fileRef = 475AEF98227FF714006D9639 /* AppDelegate.swift */; };
		475AEF9B227FF714006D9639 /* ViewController.swift in Sources */ = {isa = PBXBuildFile; fileRef = 475AEF9A227FF714006D9639 /* ViewController.swift */; };
		475AEF9E227FF714006D9639 /* Main.storyboard in Resources */ = {isa = PBXBuildFile; fileRef = 475AEF9C227FF714006D9639 /* Main.storyboard */; };
		475AEFA0227FF716006D9639 /* Assets.xcassets in Resources */ = {isa = PBXBuildFile; fileRef = 475AEF9F227FF716006D9639 /* Assets.xcassets */; };
		475AEFA3227FF716006D9639 /* LaunchScreen.storyboard in Resources */ = {isa = PBXBuildFile; fileRef = 475AEFA1227FF716006D9639 /* LaunchScreen.storyboard */; };
		475AEFAE227FF716006D9639 /* TestGitTests.swift in Sources */ = {isa = PBXBuildFile; fileRef = 475AEFAD227FF716006D9639 /* TestGitTests.swift */; };
		475AEFB9227FF716006D9639 /* TestGitUITests.swift in Sources */ = {isa = PBXBuildFile; fileRef = 475AEFB8227FF716006D9639 /* TestGitUITests.swift */; };
/* End PBXBuildFile section */

/* Begin PBXContainerItemProxy section */
		475AEFAA227FF716006D9639 /* PBXContainerItemProxy */ = {
			isa = PBXContainerItemProxy;
			containerPortal = 475AEF8D227FF714006D9639 /* Project object */;
			proxyType = 1;
			remoteGlobalIDString = 475AEF94227FF714006D9639;
			remoteInfo = TestGit;
		};
		475AEFB5227FF716006D9639 /* PBXContainerItemProxy */ = {
			isa = PBXContainerItemProxy;
			containerPortal = 475AEF8D227FF714006D9639 /* Project object */;
			proxyType = 1;
			remoteGlobalIDString = 475AEF94227FF714006D9639;
			remoteInfo = TestGit;
		};
/* End PBXContainerItemProxy section */

/* Begin PBXFileReference section */
		475AEF95227FF714006D9639 /* TestGit.app */ = {isa = PBXFileReference; explicitFileType = wrapper.application; includeInIndex = 0; path = TestGit.app; sourceTree = BUILT_PRODUCTS_DIR; };
		475AEF98227FF714006D9639 /* AppDelegate.swift */ = {isa = PBXFileReference; lastKnownFileType = sourcecode.swift; path = AppDelegate.swift; sourceTree = "<group>"; };
		475AEF9A227FF714006D9639 /* ViewController.swift */ = {isa = PBXFileReference; lastKnownFileType = sourcecode.swift; path = ViewController.swift; sourceTree = "<group>"; };
		475AEF9D227FF714006D9639 /* Base */ = {isa = PBXFileReference; lastKnownFileType = file.storyboard; name = Base; path = Base.lproj/Main.storyboard; sourceTree = "<group>"; };
		475AEF9F227FF716006D9639 /* Assets.xcassets */ = {isa = PBXFileReference; lastKnownFileType = folder.assetcatalog; path = Assets.xcassets; sourceTree = "<group>"; };
		475AEFA2227FF716006D9639 /* Base */ = {isa = PBXFileReference; lastKnownFileType = file.storyboard; name = Base; path = Base.lproj/LaunchScreen.storyboard; sourceTree = "<group>"; };
		475AEFA4227FF716006D9639 /* Info.plist */ = {isa = PBXFileReference; lastKnownFileType = text.plist.xml; path = Info.plist; sourceTree = "<group>"; };
		475AEFA9227FF716006D9639 /* TestGitTests.xctest */ = {isa = PBXFileReference; explicitFileType = wrapper.cfbundle; includeInIndex = 0; path = TestGitTests.xctest; sourceTree = BUILT_PRODUCTS_DIR; };
		475AEFAD227FF716006D9639 /* TestGitTests.swift */ = {isa = PBXFileReference; lastKnownFileType = sourcecode.swift; path = TestGitTests.swift; sourceTree = "<group>"; };
		475AEFAF227FF716006D9639 /* Info.plist */ = {isa = PBXFileReference; lastKnownFileType = text.plist.xml; path = Info.plist; sourceTree = "<group>"; };
		475AEFB4227FF716006D9639 /* TestGitUITests.xctest */ = {isa = PBXFileReference; explicitFileType = wrapper.cfbundle; includeInIndex = 0; path = TestGitUITests.xctest; sourceTree = BUILT_PRODUCTS_DIR; };
		475AEFB8227FF716006D9639 /* TestGitUITests.swift */ = {isa = PBXFileReference; lastKnownFileType = sourcecode.swift; path = TestGitUITests.swift; sourceTree = "<group>"; };
		475AEFBA227FF716006D9639 /* Info.plist */ = {isa = PBXFileReference; lastKnownFileType = text.plist.xml; path = Info.plist; sourceTree = "<group>"; };
/* End PBXFileReference section */

/* Begin PBXFrameworksBuildPhase section */
		475AEF92227FF714006D9639 /* Frameworks */ = {
			isa = PBXFrameworksBuildPhase;
			buildActionMask = 2147483647;
			files = (
			);
			runOnlyForDeploymentPostprocessing = 0;
		};
		475AEFA6227FF716006D9639 /* Frameworks */ = {
			isa = PBXFrameworksBuildPhase;
			buildActionMask = 2147483647;
			files = (
			);
			runOnlyForDeploymentPostprocessing = 0;
		};
		475AEFB1227FF716006D9639 /* Frameworks */ = {
			isa = PBXFrameworksBuildPhase;
			buildActionMask = 2147483647;
			files = (
			);
			runOnlyForDeploymentPostprocessing = 0;
		};
/* End PBXFrameworksBuildPhase section */

/* Begin PBXGroup section */
		475AEF8C227FF714006D9639 = {
			isa = PBXGroup;
			children = (
				475AEF97227FF714006D9639 /* TestGit */,
				475AEFAC227FF716006D9639 /* TestGitTests */,
				475AEFB7227FF716006D9639 /* TestGitUITests */,
				475AEF96227FF714006D9639 /* Products */,
			);
			sourceTree = "<group>";
		};
		475AEF96227FF714006D9639 /* Products */ = {
			isa = PBXGroup;
			children = (
				475AEF95227FF714006D9639 /* TestGit.app */,
				475AEFA9227FF716006D9639 /* TestGitTests.xctest */,
				475AEFB4227FF716006D9639 /* TestGitUITests.xctest */,
			);
			name = Products;
			sourceTree = "<group>";
		};
		475AEF97227FF714006D9639 /* TestGit */ = {
			isa = PBXGroup;
			children = (
				475AEF98227FF714006D9639 /* AppDelegate.swift */,
				475AEF9A227FF714006D9639 /* ViewController.swift */,
				475AEF9C227FF714006D9639 /* Main.storyboard */,
				475AEF9F227FF716006D9639 /* Assets.xcassets */,
				475AEFA1227FF716006D9639 /* LaunchScreen.storyboard */,
				475AEFA4227FF716006D9639 /* Info.plist */,
			);
			path = TestGit;
			sourceTree = "<group>";
		};
		475AEFAC227FF716006D9639 /* TestGitTests */ = {
			isa = PBXGroup;
			children = (
				475AEFAD227FF716006D9639 /* TestGitTests.swift */,
				475AEFAF227FF716006D9639 /* Info.plist */,
			);
			path = TestGitTests;
			sourceTree = "<group>";
		};
		475AEFB7227FF716006D9639 /* TestGitUITests */ = {
			isa = PBXGroup;
			children = (
				475AEFB8227FF716006D9639 /* TestGitUITests.swift */,
				475AEFBA227FF716006D9639 /* Info.plist */,
			);
			path = TestGitUITests;
			sourceTree = "<group>";
		};
/* End PBXGroup section */

/* Begin PBXNativeTarget section */
		475AEF94227FF714006D9639 /* TestGit */ = {
			isa = PBXNativeTarget;
			buildConfigurationList = 475AEFBD227FF716006D9639 /* Build configuration list for PBXNativeTarget "TestGit" */;
			buildPhases = (
				475AEF91227FF714006D9639 /* Sources */,
				475AEF92227FF714006D9639 /* Frameworks */,
				475AEF93227FF714006D9639 /* Resources */,
			);
			buildRules = (
			);
			dependencies = (
			);
			name = TestGit;
			productName = TestGit;
			productReference = 475AEF95227FF714006D9639 /* TestGit.app */;
			productType = "com.apple.product-type.application";
		};
		475AEFA8227FF716006D9639 /* TestGitTests */ = {
			isa = PBXNativeTarget;
			buildConfigurationList = 475AEFC0227FF716006D9639 /* Build configuration list for PBXNativeTarget "TestGitTests" */;
			buildPhases = (
				475AEFA5227FF716006D9639 /* Sources */,
				475AEFA6227FF716006D9639 /* Frameworks */,
				475AEFA7227FF716006D9639 /* Resources */,
			);
			buildRules = (
			);
			dependencies = (
				475AEFAB227FF716006D9639 /* PBXTargetDependency */,
			);
			name = TestGitTests;
			productName = TestGitTests;
			productReference = 475AEFA9227FF716006D9639 /* TestGitTests.xctest */;
			productType = "com.apple.product-type.bundle.unit-test";
		};
		475AEFB3227FF716006D9639 /* TestGitUITests */ = {
			isa = PBXNativeTarget;
			buildConfigurationList = 475AEFC3227FF716006D9639 /* Build configuration list for PBXNativeTarget "TestGitUITests" */;
			buildPhases = (
				475AEFB0227FF716006D9639 /* Sources */,
				475AEFB1227FF716006D9639 /* Frameworks */,
				475AEFB2227FF716006D9639 /* Resources */,
			);
			buildRules = (
			);
			dependencies = (
				475AEFB6227FF716006D9639 /* PBXTargetDependency */,
			);
			name = TestGitUITests;
			productName = TestGitUITests;
			productReference = 475AEFB4227FF716006D9639 /* TestGitUITests.xctest */;
			productType = "com.apple.product-type.bundle.ui-testing";
		};
/* End PBXNativeTarget section */

/* Begin PBXProject section */
		475AEF8D227FF714006D9639 /* Project object */ = {
			isa = PBXProject;
			attributes = {
				LastSwiftUpdateCheck = 1020;
				LastUpgradeCheck = 1020;
				ORGANIZATIONNAME = "Pratap Vhatkar";
				TargetAttributes = {
					475AEF94227FF714006D9639 = {
						CreatedOnToolsVersion = 10.2.1;
					};
					475AEFA8227FF716006D9639 = {
						CreatedOnToolsVersion = 10.2.1;
						TestTargetID = 475AEF94227FF714006D9639;
					};
					475AEFB3227FF716006D9639 = {
						CreatedOnToolsVersion = 10.2.1;
						TestTargetID = 475AEF94227FF714006D9639;
					};
				};
			};
			buildConfigurationList = 475AEF90227FF714006D9639 /* Build configuration list for PBXProject "TestGit" */;
			compatibilityVersion = "Xcode 9.3";
			developmentRegion = en;
			hasScannedForEncodings = 0;
			knownRegions = (
				en,
				Base,
			);
			mainGroup = 475AEF8C227FF714006D9639;
			productRefGroup = 475AEF96227FF714006D9639 /* Products */;
			projectDirPath = "";
			projectRoot = "";
			targets = (
				475AEF94227FF714006D9639 /* TestGit */,
				475AEFA8227FF716006D9639 /* TestGitTests */,
				475AEFB3227FF716006D9639 /* TestGitUITests */,
			);
		};
/* End PBXProject section */

/* Begin PBXResourcesBuildPhase section */
		475AEF93227FF714006D9639 /* Resources */ = {
			isa = PBXResourcesBuildPhase;
			buildActionMask = 2147483647;
			files = (
				475AEFA3227FF716006D9639 /* LaunchScreen.storyboard in Resources */,
				475AEFA0227FF716006D9639 /* Assets.xcassets in Resources */,
				475AEF9E227FF714006D9639 /* Main.storyboard in Resources */,
			);
			runOnlyForDeploymentPostprocessing = 0;
		};
		475AEFA7227FF716006D9639 /* Resources */ = {
			isa = PBXResourcesBuildPhase;
			buildActionMask = 2147483647;
			files = (
			);
			runOnlyForDeploymentPostprocessing = 0;
		};
		475AEFB2227FF716006D9639 /* Resources */ = {
			isa = PBXResourcesBuildPhase;
			buildActionMask = 2147483647;
			files = (
			);
			runOnlyForDeploymentPostprocessing = 0;
		};
/* End PBXResourcesBuildPhase section */

/* Begin PBXSourcesBuildPhase section */
		475AEF91227FF714006D9639 /* Sources */ = {
			isa = PBXSourcesBuildPhase;
			buildActionMask = 2147483647;
			files = (
				475AEF9B227FF714006D9639 /* ViewController.swift in Sources */,
				475AEF99227FF714006D9639 /* AppDelegate.swift in Sources */,
			);
			runOnlyForDeploymentPostprocessing = 0;
		};
		475AEFA5227FF716006D9639 /* Sources */ = {
			isa = PBXSourcesBuildPhase;
			buildActionMask = 2147483647;
			files = (
				475AEFAE227FF716006D9639 /* TestGitTests.swift in Sources */,
			);
			runOnlyForDeploymentPostprocessing = 0;
		};
		475AEFB0227FF716006D9639 /* Sources */ = {
			isa = PBXSourcesBuildPhase;
			buildActionMask = 2147483647;
			files = (
				475AEFB9227FF716006D9639 /* TestGitUITests.swift in Sources */,
			);
			runOnlyForDeploymentPostprocessing = 0;
		};
/* End PBXSourcesBuildPhase section */

/* Begin PBXTargetDependency section */
		475AEFAB227FF716006D9639 /* PBXTargetDependency */ = {
			isa = PBXTargetDependency;
			target = 475AEF94227FF714006D9639 /* TestGit */;
			targetProxy = 475AEFAA227FF716006D9639 /* PBXContainerItemProxy */;
		};
		475AEFB6227FF716006D9639 /* PBXTargetDependency */ = {
			isa = PBXTargetDependency;
			target = 475AEF94227FF714006D9639 /* TestGit */;
			targetProxy = 475AEFB5227FF716006D9639 /* PBXContainerItemProxy */;
		};
/* End PBXTargetDependency section */

/* Begin PBXVariantGroup section */
		475AEF9C227FF714006D9639 /* Main.storyboard */ = {
			isa = PBXVariantGroup;
			children = (
				475AEF9D227FF714006D9639 /* Base */,
			);
			name = Main.storyboard;
			sourceTree = "<group>";
		};
		475AEFA1227FF716006D9639 /* LaunchScreen.storyboard */ = {
			isa = PBXVariantGroup;
			children = (
				475AEFA2227FF716006D9639 /* Base */,
			);
			name = LaunchScreen.storyboard;
			sourceTree = "<group>";
		};
/* End PBXVariantGroup section */

/* Begin XCBuildConfiguration section */
		475AEFBB227FF716006D9639 /* Debug */ = {
			isa = XCBuildConfiguration;
			buildSettings = {
				ALWAYS_SEARCH_USER_PATHS = NO;
				CLANG_ANALYZER_NONNULL = YES;
				CLANG_ANALYZER_NUMBER_OBJECT_CONVERSION = YES_AGGRESSIVE;
				CLANG_CXX_LANGUAGE_STANDARD = "gnu++14";
				CLANG_CXX_LIBRARY = "libc++";
				CLANG_ENABLE_MODULES = YES;
				CLANG_ENABLE_OBJC_ARC = YES;
				CLANG_ENABLE_OBJC_WEAK = YES;
				CLANG_WARN_BLOCK_CAPTURE_AUTORELEASING = YES;
				CLANG_WARN_BOOL_CONVERSION = YES;
				CLANG_WARN_COMMA = YES;
				CLANG_WARN_CONSTANT_CONVERSION = YES;
				CLANG_WARN_DEPRECATED_OBJC_IMPLEMENTATIONS = YES;
				CLANG_WARN_DIRECT_OBJC_ISA_USAGE = YES_ERROR;
				CLANG_WARN_DOCUMENTATION_COMMENTS = YES;
				CLANG_WARN_EMPTY_BODY = YES;
				CLANG_WARN_ENUM_CONVERSION = YES;
				CLANG_WARN_INFINITE_RECURSION = YES;
				CLANG_WARN_INT_CONVERSION = YES;
				CLANG_WARN_NON_LITERAL_NULL_CONVERSION = YES;
				CLANG_WARN_OBJC_IMPLICIT_RETAIN_SELF = YES;
				CLANG_WARN_OBJC_LITERAL_CONVERSION = YES;
				CLANG_WARN_OBJC_ROOT_CLASS = YES_ERROR;
				CLANG_WARN_RANGE_LOOP_ANALYSIS = YES;
				CLANG_WARN_STRICT_PROTOTYPES = YES;
				CLANG_WARN_SUSPICIOUS_MOVE = YES;
				CLANG_WARN_UNGUARDED_AVAILABILITY = YES_AGGRESSIVE;
				CLANG_WARN_UNREACHABLE_CODE = YES;
				CLANG_WARN__DUPLICATE_METHOD_MATCH = YES;
				CODE_SIGN_IDENTITY = "iPhone Developer";
				COPY_PHASE_STRIP = NO;
				DEBUG_INFORMATION_FORMAT = dwarf;
				ENABLE_STRICT_OBJC_MSGSEND = YES;
				ENABLE_TESTABILITY = YES;
				GCC_C_LANGUAGE_STANDARD = gnu11;
				GCC_DYNAMIC_NO_PIC = NO;
				GCC_NO_COMMON_BLOCKS = YES;
				GCC_OPTIMIZATION_LEVEL = 0;
				GCC_PREPROCESSOR_DEFINITIONS = (
					"DEBUG=1",
					"$(inherited)",
				);
				GCC_WARN_64_TO_32_BIT_CONVERSION = YES;
				GCC_WARN_ABOUT_RETURN_TYPE = YES_ERROR;
				GCC_WARN_UNDECLARED_SELECTOR = YES;
				GCC_WARN_UNINITIALIZED_AUTOS = YES_AGGRESSIVE;
				GCC_WARN_UNUSED_FUNCTION = YES;
				GCC_WARN_UNUSED_VARIABLE = YES;
				IPHONEOS_DEPLOYMENT_TARGET = 12.2;
				MTL_ENABLE_DEBUG_INFO = INCLUDE_SOURCE;
				MTL_FAST_MATH = YES;
				ONLY_ACTIVE_ARCH = YES;
				SDKROOT = iphoneos;
				SWIFT_ACTIVE_COMPILATION_CONDITIONS = DEBUG;
				SWIFT_OPTIMIZATION_LEVEL = "-Onone";
			};
			name = Debug;
		};
		475AEFBC227FF716006D9639 /* Release */ = {
			isa = XCBuildConfiguration;
			buildSettings = {
				ALWAYS_SEARCH_USER_PATHS = NO;
				CLANG_ANALYZER_NONNULL = YES;
				CLANG_ANALYZER_NUMBER_OBJECT_CONVERSION = YES_AGGRESSIVE;
				CLANG_CXX_LANGUAGE_STANDARD = "gnu++14";
				CLANG_CXX_LIBRARY = "libc++";
				CLANG_ENABLE_MODULES = YES;
				CLANG_ENABLE_OBJC_ARC = YES;
				CLANG_ENABLE_OBJC_WEAK = YES;
				CLANG_WARN_BLOCK_CAPTURE_AUTORELEASING = YES;
				CLANG_WARN_BOOL_CONVERSION = YES;
				CLANG_WARN_COMMA = YES;
				CLANG_WARN_CONSTANT_CONVERSION = YES;
				CLANG_WARN_DEPRECATED_OBJC_IMPLEMENTATIONS = YES;
				CLANG_WARN_DIRECT_OBJC_ISA_USAGE = YES_ERROR;
				CLANG_WARN_DOCUMENTATION_COMMENTS = YES;
				CLANG_WARN_EMPTY_BODY = YES;
				CLANG_WARN_ENUM_CONVERSION = YES;
				CLANG_WARN_INFINITE_RECURSION = YES;
				CLANG_WARN_INT_CONVERSION = YES;
				CLANG_WARN_NON_LITERAL_NULL_CONVERSION = YES;
				CLANG_WARN_OBJC_IMPLICIT_RETAIN_SELF = YES;
				CLANG_WARN_OBJC_LITERAL_CONVERSION = YES;
				CLANG_WARN_OBJC_ROOT_CLASS = YES_ERROR;
				CLANG_WARN_RANGE_LOOP_ANALYSIS = YES;
				CLANG_WARN_STRICT_PROTOTYPES = YES;
				CLANG_WARN_SUSPICIOUS_MOVE = YES;
				CLANG_WARN_UNGUARDED_AVAILABILITY = YES_AGGRESSIVE;
				CLANG_WARN_UNREACHABLE_CODE = YES;
				CLANG_WARN__DUPLICATE_METHOD_MATCH = YES;
				CODE_SIGN_IDENTITY = "iPhone Developer";
				COPY_PHASE_STRIP = NO;
				DEBUG_INFORMATION_FORMAT = "dwarf-with-dsym";
				ENABLE_NS_ASSERTIONS = NO;
				ENABLE_STRICT_OBJC_MSGSEND = YES;
				GCC_C_LANGUAGE_STANDARD = gnu11;
				GCC_NO_COMMON_BLOCKS = YES;
				GCC_WARN_64_TO_32_BIT_CONVERSION = YES;
				GCC_WARN_ABOUT_RETURN_TYPE = YES_ERROR;
				GCC_WARN_UNDECLARED_SELECTOR = YES;
				GCC_WARN_UNINITIALIZED_AUTOS = YES_AGGRESSIVE;
				GCC_WARN_UNUSED_FUNCTION = YES;
				GCC_WARN_UNUSED_VARIABLE = YES;
				IPHONEOS_DEPLOYMENT_TARGET = 12.2;
				MTL_ENABLE_DEBUG_INFO = NO;
				MTL_FAST_MATH = YES;
				SDKROOT = iphoneos;
				SWIFT_COMPILATION_MODE = wholemodule;
				SWIFT_OPTIMIZATION_LEVEL = "-O";
				VALIDATE_PRODUCT = YES;
			};
			name = Release;
		};
		475AEFBE227FF716006D9639 /* Debug */ = {
			isa = XCBuildConfiguration;
			buildSettings = {
				ASSETCATALOG_COMPILER_APPICON_NAME = AppIcon;
				CODE_SIGN_STYLE = Automatic;
				INFOPLIST_FILE = TestGit/Info.plist;
				LD_RUNPATH_SEARCH_PATHS = (
					"$(inherited)",
					"@executable_path/Frameworks",
				);
				PRODUCT_BUNDLE_IDENTIFIER = com.thehindumatrimoney.dating.TestGit;
				PRODUCT_NAME = "$(TARGET_NAME)";
				SWIFT_VERSION = 5.0;
				TARGETED_DEVICE_FAMILY = "1,2";
			};
			name = Debug;
		};
		475AEFBF227FF716006D9639 /* Release */ = {
			isa = XCBuildConfiguration;
			buildSettings = {
				ASSETCATALOG_COMPILER_APPICON_NAME = AppIcon;
				CODE_SIGN_STYLE = Automatic;
				INFOPLIST_FILE = TestGit/Info.plist;
				LD_RUNPATH_SEARCH_PATHS = (
					"$(inherited)",
					"@executable_path/Frameworks",
				);
				PRODUCT_BUNDLE_IDENTIFIER = com.thehindumatrimoney.dating.TestGit;
				PRODUCT_NAME = "$(TARGET_NAME)";
				SWIFT_VERSION = 5.0;
				TARGETED_DEVICE_FAMILY = "1,2";
			};
			name = Release;
		};
		475AEFC1227FF716006D9639 /* Debug */ = {
			isa = XCBuildConfiguration;
			buildSettings = {
				ALWAYS_EMBED_SWIFT_STANDARD_LIBRARIES = YES;
				BUNDLE_LOADER = "$(TEST_HOST)";
				CODE_SIGN_STYLE = Automatic;
				INFOPLIST_FILE = TestGitTests/Info.plist;
				LD_RUNPATH_SEARCH_PATHS = (
					"$(inherited)",
					"@executable_path/Frameworks",
					"@loader_path/Frameworks",
				);
				PRODUCT_BUNDLE_IDENTIFIER = com.thehindumatrimoney.dating.TestGitTests;
				PRODUCT_NAME = "$(TARGET_NAME)";
				SWIFT_VERSION = 5.0;
				TARGETED_DEVICE_FAMILY = "1,2";
				TEST_HOST = "$(BUILT_PRODUCTS_DIR)/TestGit.app/TestGit";
			};
			name = Debug;
		};
		475AEFC2227FF716006D9639 /* Release */ = {
			isa = XCBuildConfiguration;
			buildSettings = {
				ALWAYS_EMBED_SWIFT_STANDARD_LIBRARIES = YES;
				BUNDLE_LOADER = "$(TEST_HOST)";
				CODE_SIGN_STYLE = Automatic;
				INFOPLIST_FILE = TestGitTests/Info.plist;
				LD_RUNPATH_SEARCH_PATHS = (
					"$(inherited)",
					"@executable_path/Frameworks",
					"@loader_path/Frameworks",
				);
				PRODUCT_BUNDLE_IDENTIFIER = com.thehindumatrimoney.dating.TestGitTests;
				PRODUCT_NAME = "$(TARGET_NAME)";
				SWIFT_VERSION = 5.0;
				TARGETED_DEVICE_FAMILY = "1,2";
				TEST_HOST = "$(BUILT_PRODUCTS_DIR)/TestGit.app/TestGit";
			};
			name = Release;
		};
		475AEFC4227FF716006D9639 /* Debug */ = {
			isa = XCBuildConfiguration;
			buildSettings = {
				ALWAYS_EMBED_SWIFT_STANDARD_LIBRARIES = YES;
				CODE_SIGN_STYLE = Automatic;
				INFOPLIST_FILE = TestGitUITests/Info.plist;
				LD_RUNPATH_SEARCH_PATHS = (
					"$(inherited)",
					"@executable_path/Frameworks",
					"@loader_path/Frameworks",
				);
				PRODUCT_BUNDLE_IDENTIFIER = com.thehindumatrimoney.dating.TestGitUITests;
				PRODUCT_NAME = "$(TARGET_NAME)";
				SWIFT_VERSION = 5.0;
				TARGETED_DEVICE_FAMILY = "1,2";
				TEST_TARGET_NAME = TestGit;
			};
			name = Debug;
		};
		475AEFC5227FF716006D9639 /* Release */ = {
			isa = XCBuildConfiguration;
			buildSettings = {
				ALWAYS_EMBED_SWIFT_STANDARD_LIBRARIES = YES;
				CODE_SIGN_STYLE = Automatic;
				INFOPLIST_FILE = TestGitUITests/Info.plist;
				LD_RUNPATH_SEARCH_PATHS = (
					"$(inherited)",
					"@executable_path/Frameworks",
					"@loader_path/Frameworks",
				);
				PRODUCT_BUNDLE_IDENTIFIER = com.thehindumatrimoney.dating.TestGitUITests;
				PRODUCT_NAME = "$(TARGET_NAME)";
				SWIFT_VERSION = 5.0;
				TARGETED_DEVICE_FAMILY = "1,2";
				TEST_TARGET_NAME = TestGit;
			};
			name = Release;
		};
/* End XCBuildConfiguration section */

/* Begin XCConfigurationList section */
		475AEF90227FF714006D9639 /* Build configuration list for PBXProject "TestGit" */ = {
			isa = XCConfigurationList;
			buildConfigurations = (
				475AEFBB227FF716006D9639 /* Debug */,
				475AEFBC227FF716006D9639 /* Release */,
			);
			defaultConfigurationIsVisible = 0;
			defaultConfigurationName = Release;
		};
		475AEFBD227FF716006D9639 /* Build configuration list for PBXNativeTarget "TestGit" */ = {
			isa = XCConfigurationList;
			buildConfigurations = (
				475AEFBE227FF716006D9639 /* Debug */,
				475AEFBF227FF716006D9639 /* Release */,
			);
			defaultConfigurationIsVisible = 0;
			defaultConfigurationName = Release;
		};
		475AEFC0227FF716006D9639 /* Build configuration list for PBXNativeTarget "TestGitTests" */ = {
			isa = XCConfigurationList;
			buildConfigurations = (
				475AEFC1227FF716006D9639 /* Debug */,
				475AEFC2227FF716006D9639 /* Release */,
			);
			defaultConfigurationIsVisible = 0;
			defaultConfigurationName = Release;
		};
		475AEFC3227FF716006D9639 /* Build configuration list for PBXNativeTarget "TestGitUITests" */ = {
			isa = XCConfigurationList;
			buildConfigurations = (
				475AEFC4227FF716006D9639 /* Debug */,
				475AEFC5227FF716006D9639 /* Release */,
			);
			defaultConfigurationIsVisible = 0;
			defaultConfigurationName = Release;
		};
/* End XCConfigurationList section */
	};
	rootObject = 475AEF8D227FF714006D9639 /* Project object */;
}
